
Microsoft Visual Studio Solution File, Format Version 12.00
# Visual Studio Version 17
VisualStudioVersion = 17.0.32112.339
MinimumVisualStudioVersion = 10.0.40219.1
Project("{FAE04EC0-301F-11D3-BF4B-00C04F79EFBC}") = "UltraPlayBettingData", "UltraPlayBettingData.csproj", "{4705363F-3AEC-45F6-B0AE-92089FF07C80}"
EndProject
Global
	GlobalSection(SolutionConfigurationPlatforms) = preSolution
		Debug|Any CPU = Debug|Any CPU
		Release|Any CPU = Release|Any CPU
	EndGlobalSection
	GlobalSection(ProjectConfigurationPlatforms) = postSolution
		{4705363F-3AEC-45F6-B0AE-92089FF07C80}.Debug|Any CPU.ActiveCfg = Debug|Any CPU
		{4705363F-3AEC-45F6-B0AE-92089FF07C80}.Debug|Any CPU.Build.0 = Debug|Any CPU
		{4705363F-3AEC-45F6-B0AE-92089FF07C80}.Release|Any CPU.ActiveCfg = Release|Any CPU
		{4705363F-3AEC-45F6-B0AE-92089FF07C80}.Release|Any CPU.Build.0 = Release|Any CPU
	EndGlobalSection
	GlobalSection(SolutionProperties) = preSolution
		HideSolutionNode = FALSE
	EndGlobalSection
	GlobalSection(ExtensibilityGlobals) = postSolution
		SolutionGuid = {35EE0747-99B7-4E93-A3F4-005CD43ECE19}
	EndGlobalSection
EndGlobal
